
Microsoft Visual Studio Solution File, Format Version 12.00
# Visual Studio Express 2012 for Windows Desktop
Project("{FAE04EC0-301F-11D3-BF4B-00C04F79EFBC}") = "sort_list1", "sort_list1\sort_list1.csproj", "{7CEBC6EA-9F15-4D28-82F3-26CD77612BFB}"
EndProject
Global
	GlobalSection(SolutionConfigurationPlatforms) = preSolution
		Debug|Any CPU = Debug|Any CPU
		Release|Any CPU = Release|Any CPU
	EndGlobalSection
	GlobalSection(ProjectConfigurationPlatforms) = postSolution
		{7CEBC6EA-9F15-4D28-82F3-26CD77612BFB}.Debug|Any CPU.ActiveCfg = Debug|Any CPU
		{7CEBC6EA-9F15-4D28-82F3-26CD77612BFB}.Debug|Any CPU.Build.0 = Debug|Any CPU
		{7CEBC6EA-9F15-4D28-82F3-26CD77612BFB}.Release|Any CPU.ActiveCfg = Release|Any CPU
		{7CEBC6EA-9F15-4D28-82F3-26CD77612BFB}.Release|Any CPU.Build.0 = Release|Any CPU
	EndGlobalSection
	GlobalSection(SolutionProperties) = preSolution
		HideSolutionNode = FALSE
	EndGlobalSection
EndGlobal
